// !$*UTF8*$!
{
	archiveVersion = 1;
	classes = {
	};
	objectVersion = 48;
	objects = {

/* Begin PBXBuildFile section */
		F4C41B0E1FB1F2A90049ADB3 /* AppDelegate.m in Sources */ = {isa = PBXBuildFile; fileRef = F4C41B0D1FB1F2A90049ADB3 /* AppDelegate.m */; };
		F4C41B111FB1F2A90049ADB3 /* ViewController.m in Sources */ = {isa = PBXBuildFile; fileRef = F4C41B101FB1F2A90049ADB3 /* ViewController.m */; };
		F4C41B141FB1F2A90049ADB3 /* Main.storyboard in Resources */ = {isa = PBXBuildFile; fileRef = F4C41B121FB1F2A90049ADB3 /* Main.storyboard */; };
		F4C41B161FB1F2A90049ADB3 /* Assets.xcassets in Resources */ = {isa = PBXBuildFile; fileRef = F4C41B151FB1F2A90049ADB3 /* Assets.xcassets */; };
		F4C41B191FB1F2A90049ADB3 /* LaunchScreen.storyboard in Resources */ = {isa = PBXBuildFile; fileRef = F4C41B171FB1F2A90049ADB3 /* LaunchScreen.storyboard */; };
		F4C41B1C1FB1F2A90049ADB3 /* main.m in Sources */ = {isa = PBXBuildFile; fileRef = F4C41B1B1FB1F2A90049ADB3 /* main.m */; };
		F4C41B251FB1F3C30049ADB3 /* CPAVPlayer.m in Sources */ = {isa = PBXBuildFile; fileRef = F4C41B241FB1F3C30049ADB3 /* CPAVPlayer.m */; };
		F4C41B281FB1F4AE0049ADB3 /* CPProgressview.m in Sources */ = {isa = PBXBuildFile; fileRef = F4C41B271FB1F4AE0049ADB3 /* CPProgressview.m */; };
		F4C41B2B1FB1F5AE0049ADB3 /* CPVideoViewController.m in Sources */ = {isa = PBXBuildFile; fileRef = F4C41B2A1FB1F5AE0049ADB3 /* CPVideoViewController.m */; };
		F4C41B2E1FB1FF540049ADB3 /* CPUtility.m in Sources */ = {isa = PBXBuildFile; fileRef = F4C41B2D1FB1FF540049ADB3 /* CPUtility.m */; };
		F4C41B4F1FB210130049ADB3 /* MBProgressHUD.m in Sources */ = {isa = PBXBuildFile; fileRef = F4C41B311FB210130049ADB3 /* MBProgressHUD.m */; };
		F4C41B501FB210130049ADB3 /* DLHDActivityIndicator.m in Sources */ = {isa = PBXBuildFile; fileRef = F4C41B341FB210130049ADB3 /* DLHDActivityIndicator.m */; };
		F4C41B511FB210130049ADB3 /* MASCompositeConstraint.m in Sources */ = {isa = PBXBuildFile; fileRef = F4C41B371FB210130049ADB3 /* MASCompositeConstraint.m */; };
		F4C41B521FB210130049ADB3 /* MASConstraint.m in Sources */ = {isa = PBXBuildFile; fileRef = F4C41B3A1FB210130049ADB3 /* MASConstraint.m */; };
		F4C41B531FB210130049ADB3 /* MASConstraintMaker.m in Sources */ = {isa = PBXBuildFile; fileRef = F4C41B3C1FB210130049ADB3 /* MASConstraintMaker.m */; };
		F4C41B541FB210130049ADB3 /* MASLayoutConstraint.m in Sources */ = {isa = PBXBuildFile; fileRef = F4C41B3E1FB210130049ADB3 /* MASLayoutConstraint.m */; };
		F4C41B551FB210130049ADB3 /* MASViewAttribute.m in Sources */ = {isa = PBXBuildFile; fileRef = F4C41B421FB210130049ADB3 /* MASViewAttribute.m */; };
		F4C41B561FB210130049ADB3 /* MASViewConstraint.m in Sources */ = {isa = PBXBuildFile; fileRef = F4C41B441FB210130049ADB3 /* MASViewConstraint.m */; };
		F4C41B571FB210130049ADB3 /* NSArray+MASAdditions.m in Sources */ = {isa = PBXBuildFile; fileRef = F4C41B461FB210130049ADB3 /* NSArray+MASAdditions.m */; };
		F4C41B581FB210130049ADB3 /* NSLayoutConstraint+MASDebugAdditions.m in Sources */ = {isa = PBXBuildFile; fileRef = F4C41B491FB210130049ADB3 /* NSLayoutConstraint+MASDebugAdditions.m */; };
		F4C41B591FB210130049ADB3 /* View+MASAdditions.m in Sources */ = {isa = PBXBuildFile; fileRef = F4C41B4B1FB210130049ADB3 /* View+MASAdditions.m */; };
		F4C41B5A1FB210140049ADB3 /* ViewController+MASAdditions.m in Sources */ = {isa = PBXBuildFile; fileRef = F4C41B4E1FB210130049ADB3 /* ViewController+MASAdditions.m */; };
		F4C41B5D1FB210F50049ADB3 /* btn_video_flip_camera@2x.png in Resources */ = {isa = PBXBuildFile; fileRef = F4C41B5C1FB210F50049ADB3 /* btn_video_flip_camera@2x.png */; };
/* End PBXBuildFile section */

/* Begin PBXFileReference section */
		F4C41B091FB1F2A90049ADB3 /* MyDemo.app */ = {isa = PBXFileReference; explicitFileType = wrapper.application; includeInIndex = 0; path = MyDemo.app; sourceTree = BUILT_PRODUCTS_DIR; };
		F4C41B0C1FB1F2A90049ADB3 /* AppDelegate.h */ = {isa = PBXFileReference; lastKnownFileType = sourcecode.c.h; path = AppDelegate.h; sourceTree = "<group>"; };
		F4C41B0D1FB1F2A90049ADB3 /* AppDelegate.m */ = {isa = PBXFileReference; lastKnownFileType = sourcecode.c.objc; path = AppDelegate.m; sourceTree = "<group>"; };
		F4C41B0F1FB1F2A90049ADB3 /* ViewController.h */ = {isa = PBXFileReference; lastKnownFileType = sourcecode.c.h; path = ViewController.h; sourceTree = "<group>"; };
		F4C41B101FB1F2A90049ADB3 /* ViewController.m */ = {isa = PBXFileReference; lastKnownFileType = sourcecode.c.objc; path = ViewController.m; sourceTree = "<group>"; };
		F4C41B131FB1F2A90049ADB3 /* Base */ = {isa = PBXFileReference; lastKnownFileType = file.storyboard; name = Base; path = Base.lproj/Main.storyboard; sourceTree = "<group>"; };
		F4C41B151FB1F2A90049ADB3 /* Assets.xcassets */ = {isa = PBXFileReference; lastKnownFileType = folder.assetcatalog; path = Assets.xcassets; sourceTree = "<group>"; };
		F4C41B181FB1F2A90049ADB3 /* Base */ = {isa = PBXFileReference; lastKnownFileType = file.storyboard; name = Base; path = Base.lproj/LaunchScreen.storyboard; sourceTree = "<group>"; };
		F4C41B1A1FB1F2A90049ADB3 /* Info.plist */ = {isa = PBXFileReference; lastKnownFileType = text.plist.xml; path = Info.plist; sourceTree = "<group>"; };
		F4C41B1B1FB1F2A90049ADB3 /* main.m */ = {isa = PBXFileReference; lastKnownFileType = sourcecode.c.objc; path = main.m; sourceTree = "<group>"; };
		F4C41B231FB1F3C30049ADB3 /* CPAVPlayer.h */ = {isa = PBXFileReference; lastKnownFileType = sourcecode.c.h; path = CPAVPlayer.h; sourceTree = "<group>"; };
		F4C41B241FB1F3C30049ADB3 /* CPAVPlayer.m */ = {isa = PBXFileReference; lastKnownFileType = sourcecode.c.objc; path = CPAVPlayer.m; sourceTree = "<group>"; };
		F4C41B261FB1F4AE0049ADB3 /* CPProgressview.h */ = {isa = PBXFileReference; lastKnownFileType = sourcecode.c.h; path = CPProgressview.h; sourceTree = "<group>"; };
		F4C41B271FB1F4AE0049ADB3 /* CPProgressview.m */ = {isa = PBXFileReference; lastKnownFileType = sourcecode.c.objc; path = CPProgressview.m; sourceTree = "<group>"; };
		F4C41B291FB1F5AE0049ADB3 /* CPVideoViewController.h */ = {isa = PBXFileReference; lastKnownFileType = sourcecode.c.h; path = CPVideoViewController.h; sourceTree = "<group>"; };
		F4C41B2A1FB1F5AE0049ADB3 /* CPVideoViewController.m */ = {isa = PBXFileReference; lastKnownFileType = sourcecode.c.objc; path = CPVideoViewController.m; sourceTree = "<group>"; };
		F4C41B2C1FB1FF540049ADB3 /* CPUtility.h */ = {isa = PBXFileReference; lastKnownFileType = sourcecode.c.h; path = CPUtility.h; sourceTree = "<group>"; };
		F4C41B2D1FB1FF540049ADB3 /* CPUtility.m */ = {isa = PBXFileReference; lastKnownFileType = sourcecode.c.objc; path = CPUtility.m; sourceTree = "<group>"; };
		F4C41B301FB210130049ADB3 /* MBProgressHUD.h */ = {isa = PBXFileReference; fileEncoding = 4; lastKnownFileType = sourcecode.c.h; path = MBProgressHUD.h; sourceTree = "<group>"; };
		F4C41B311FB210130049ADB3 /* MBProgressHUD.m */ = {isa = PBXFileReference; fileEncoding = 4; lastKnownFileType = sourcecode.c.objc; path = MBProgressHUD.m; sourceTree = "<group>"; };
		F4C41B331FB210130049ADB3 /* DLHDActivityIndicator.h */ = {isa = PBXFileReference; fileEncoding = 4; lastKnownFileType = sourcecode.c.h; path = DLHDActivityIndicator.h; sourceTree = "<group>"; };
		F4C41B341FB210130049ADB3 /* DLHDActivityIndicator.m */ = {isa = PBXFileReference; fileEncoding = 4; lastKnownFileType = sourcecode.c.objc; path = DLHDActivityIndicator.m; sourceTree = "<group>"; };
		F4C41B361FB210130049ADB3 /* MASCompositeConstraint.h */ = {isa = PBXFileReference; fileEncoding = 4; lastKnownFileType = sourcecode.c.h; path = MASCompositeConstraint.h; sourceTree = "<group>"; };
		F4C41B371FB210130049ADB3 /* MASCompositeConstraint.m */ = {isa = PBXFileReference; fileEncoding = 4; lastKnownFileType = sourcecode.c.objc; path = MASCompositeConstraint.m; sourceTree = "<group>"; };
		F4C41B381FB210130049ADB3 /* MASConstraint+Private.h */ = {isa = PBXFileReference; fileEncoding = 4; lastKnownFileType = sourcecode.c.h; path = "MASConstraint+Private.h"; sourceTree = "<group>"; };
		F4C41B391FB210130049ADB3 /* MASConstraint.h */ = {isa = PBXFileReference; fileEncoding = 4; lastKnownFileType = sourcecode.c.h; path = MASConstraint.h; sourceTree = "<group>"; };
		F4C41B3A1FB210130049ADB3 /* MASConstraint.m */ = {isa = PBXFileReference; fileEncoding = 4; lastKnownFileType = sourcecode.c.objc; path = MASConstraint.m; sourceTree = "<group>"; };
		F4C41B3B1FB210130049ADB3 /* MASConstraintMaker.h */ = {isa = PBXFileReference; fileEncoding = 4; lastKnownFileType = sourcecode.c.h; path = MASConstraintMaker.h; sourceTree = "<group>"; };
		F4C41B3C1FB210130049ADB3 /* MASConstraintMaker.m */ = {isa = PBXFileReference; fileEncoding = 4; lastKnownFileType = sourcecode.c.objc; path = MASConstraintMaker.m; sourceTree = "<group>"; };
		F4C41B3D1FB210130049ADB3 /* MASLayoutConstraint.h */ = {isa = PBXFileReference; fileEncoding = 4; lastKnownFileType = sourcecode.c.h; path = MASLayoutConstraint.h; sourceTree = "<group>"; };
		F4C41B3E1FB210130049ADB3 /* MASLayoutConstraint.m */ = {isa = PBXFileReference; fileEncoding = 4; lastKnownFileType = sourcecode.c.objc; path = MASLayoutConstraint.m; sourceTree = "<group>"; };
		F4C41B3F1FB210130049ADB3 /* Masonry.h */ = {isa = PBXFileReference; fileEncoding = 4; lastKnownFileType = sourcecode.c.h; path = Masonry.h; sourceTree = "<group>"; };
		F4C41B401FB210130049ADB3 /* MASUtilities.h */ = {isa = PBXFileReference; fileEncoding = 4; lastKnownFileType = sourcecode.c.h; path = MASUtilities.h; sourceTree = "<group>"; };
		F4C41B411FB210130049ADB3 /* MASViewAttribute.h */ = {isa = PBXFileReference; fileEncoding = 4; lastKnownFileType = sourcecode.c.h; path = MASViewAttribute.h; sourceTree = "<group>"; };
		F4C41B421FB210130049ADB3 /* MASViewAttribute.m */ = {isa = PBXFileReference; fileEncoding = 4; lastKnownFileType = sourcecode.c.objc; path = MASViewAttribute.m; sourceTree = "<group>"; };
		F4C41B431FB210130049ADB3 /* MASViewConstraint.h */ = {isa = PBXFileReference; fileEncoding = 4; lastKnownFileType = sourcecode.c.h; path = MASViewConstraint.h; sourceTree = "<group>"; };
		F4C41B441FB210130049ADB3 /* MASViewConstraint.m */ = {isa = PBXFileReference; fileEncoding = 4; lastKnownFileType = sourcecode.c.objc; path = MASViewConstraint.m; sourceTree = "<group>"; };
		F4C41B451FB210130049ADB3 /* NSArray+MASAdditions.h */ = {isa = PBXFileReference; fileEncoding = 4; lastKnownFileType = sourcecode.c.h; path = "NSArray+MASAdditions.h"; sourceTree = "<group>"; };
		F4C41B461FB210130049ADB3 /* NSArray+MASAdditions.m */ = {isa = PBXFileReference; fileEncoding = 4; lastKnownFileType = sourcecode.c.objc; path = "NSArray+MASAdditions.m"; sourceTree = "<group>"; };
		F4C41B471FB210130049ADB3 /* NSArray+MASShorthandAdditions.h */ = {isa = PBXFileReference; fileEncoding = 4; lastKnownFileType = sourcecode.c.h; path = "NSArray+MASShorthandAdditions.h"; sourceTree = "<group>"; };
		F4C41B481FB210130049ADB3 /* NSLayoutConstraint+MASDebugAdditions.h */ = {isa = PBXFileReference; fileEncoding = 4; lastKnownFileType = sourcecode.c.h; path = "NSLayoutConstraint+MASDebugAdditions.h"; sourceTree = "<group>"; };
		F4C41B491FB210130049ADB3 /* NSLayoutConstraint+MASDebugAdditions.m */ = {isa = PBXFileReference; fileEncoding = 4; lastKnownFileType = sourcecode.c.objc; path = "NSLayoutConstraint+MASDebugAdditions.m"; sourceTree = "<group>"; };
		F4C41B4A1FB210130049ADB3 /* View+MASAdditions.h */ = {isa = PBXFileReference; fileEncoding = 4; lastKnownFileType = sourcecode.c.h; path = "View+MASAdditions.h"; sourceTree = "<group>"; };
		F4C41B4B1FB210130049ADB3 /* View+MASAdditions.m */ = {isa = PBXFileReference; fileEncoding = 4; lastKnownFileType = sourcecode.c.objc; path = "View+MASAdditions.m"; sourceTree = "<group>"; };
		F4C41B4C1FB210130049ADB3 /* View+MASShorthandAdditions.h */ = {isa = PBXFileReference; fileEncoding = 4; lastKnownFileType = sourcecode.c.h; path = "View+MASShorthandAdditions.h"; sourceTree = "<group>"; };
		F4C41B4D1FB210130049ADB3 /* ViewController+MASAdditions.h */ = {isa = PBXFileReference; fileEncoding = 4; lastKnownFileType = sourcecode.c.h; path = "ViewController+MASAdditions.h"; sourceTree = "<group>"; };
		F4C41B4E1FB210130049ADB3 /* ViewController+MASAdditions.m */ = {isa = PBXFileReference; fileEncoding = 4; lastKnownFileType = sourcecode.c.objc; path = "ViewController+MASAdditions.m"; sourceTree = "<group>"; };
		F4C41B5C1FB210F50049ADB3 /* btn_video_flip_camera@2x.png */ = {isa = PBXFileReference; lastKnownFileType = image.png; path = "btn_video_flip_camera@2x.png"; sourceTree = "<group>"; };
/* End PBXFileReference section */

/* Begin PBXFrameworksBuildPhase section */
		F4C41B061FB1F2A90049ADB3 /* Frameworks */ = {
			isa = PBXFrameworksBuildPhase;
			buildActionMask = 2147483647;
			files = (
			);
			runOnlyForDeploymentPostprocessing = 0;
		};
/* End PBXFrameworksBuildPhase section */

/* Begin PBXGroup section */
		F4C41B001FB1F2A90049ADB3 = {
			isa = PBXGroup;
			children = (
				F4C41B0B1FB1F2A90049ADB3 /* MyDemo */,
				F4C41B0A1FB1F2A90049ADB3 /* Products */,
			);
			sourceTree = "<group>";
		};
		F4C41B0A1FB1F2A90049ADB3 /* Products */ = {
			isa = PBXGroup;
			children = (
				F4C41B091FB1F2A90049ADB3 /* MyDemo.app */,
			);
			name = Products;
			sourceTree = "<group>";
		};
		F4C41B0B1FB1F2A90049ADB3 /* MyDemo */ = {
			isa = PBXGroup;
			children = (
				F4C41B0C1FB1F2A90049ADB3 /* AppDelegate.h */,
				F4C41B0D1FB1F2A90049ADB3 /* AppDelegate.m */,
				F4C41B0F1FB1F2A90049ADB3 /* ViewController.h */,
				F4C41B101FB1F2A90049ADB3 /* ViewController.m */,
				F4C41B221FB1F3360049ADB3 /* WechatRecorder */,
				F4C41B121FB1F2A90049ADB3 /* Main.storyboard */,
				F4C41B151FB1F2A90049ADB3 /* Assets.xcassets */,
				F4C41B171FB1F2A90049ADB3 /* LaunchScreen.storyboard */,
				F4C41B1A1FB1F2A90049ADB3 /* Info.plist */,
				F4C41B1B1FB1F2A90049ADB3 /* main.m */,
			);
			path = MyDemo;
			sourceTree = "<group>";
		};
		F4C41B221FB1F3360049ADB3 /* WechatRecorder */ = {
			isa = PBXGroup;
			children = (
				F4C41B5B1FB210F50049ADB3 /* images */,
				F4C41B351FB210130049ADB3 /* Masonry */,
				F4C41B2F1FB210130049ADB3 /* MBProgressHUD */,
				F4C41B321FB210130049ADB3 /* TAOverlay */,
				F4C41B231FB1F3C30049ADB3 /* CPAVPlayer.h */,
				F4C41B241FB1F3C30049ADB3 /* CPAVPlayer.m */,
				F4C41B261FB1F4AE0049ADB3 /* CPProgressview.h */,
				F4C41B271FB1F4AE0049ADB3 /* CPProgressview.m */,
				F4C41B291FB1F5AE0049ADB3 /* CPVideoViewController.h */,
				F4C41B2A1FB1F5AE0049ADB3 /* CPVideoViewController.m */,
				F4C41B2C1FB1FF540049ADB3 /* CPUtility.h */,
				F4C41B2D1FB1FF540049ADB3 /* CPUtility.m */,
			);
			path = WechatRecorder;
			sourceTree = "<group>";
		};
		F4C41B2F1FB210130049ADB3 /* MBProgressHUD */ = {
			isa = PBXGroup;
			children = (
				F4C41B301FB210130049ADB3 /* MBProgressHUD.h */,
				F4C41B311FB210130049ADB3 /* MBProgressHUD.m */,
			);
			path = MBProgressHUD;
			sourceTree = "<group>";
		};
		F4C41B321FB210130049ADB3 /* TAOverlay */ = {
			isa = PBXGroup;
			children = (
				F4C41B331FB210130049ADB3 /* DLHDActivityIndicator.h */,
				F4C41B341FB210130049ADB3 /* DLHDActivityIndicator.m */,
			);
			path = TAOverlay;
			sourceTree = "<group>";
		};
		F4C41B351FB210130049ADB3 /* Masonry */ = {
			isa = PBXGroup;
			children = (
				F4C41B361FB210130049ADB3 /* MASCompositeConstraint.h */,
				F4C41B371FB210130049ADB3 /* MASCompositeConstraint.m */,
				F4C41B381FB210130049ADB3 /* MASConstraint+Private.h */,
				F4C41B391FB210130049ADB3 /* MASConstraint.h */,
				F4C41B3A1FB210130049ADB3 /* MASConstraint.m */,
				F4C41B3B1FB210130049ADB3 /* MASConstraintMaker.h */,
				F4C41B3C1FB210130049ADB3 /* MASConstraintMaker.m */,
				F4C41B3D1FB210130049ADB3 /* MASLayoutConstraint.h */,
				F4C41B3E1FB210130049ADB3 /* MASLayoutConstraint.m */,
				F4C41B3F1FB210130049ADB3 /* Masonry.h */,
				F4C41B401FB210130049ADB3 /* MASUtilities.h */,
				F4C41B411FB210130049ADB3 /* MASViewAttribute.h */,
				F4C41B421FB210130049ADB3 /* MASViewAttribute.m */,
				F4C41B431FB210130049ADB3 /* MASViewConstraint.h */,
				F4C41B441FB210130049ADB3 /* MASViewConstraint.m */,
				F4C41B451FB210130049ADB3 /* NSArray+MASAdditions.h */,
				F4C41B461FB210130049ADB3 /* NSArray+MASAdditions.m */,
				F4C41B471FB210130049ADB3 /* NSArray+MASShorthandAdditions.h */,
				F4C41B481FB210130049ADB3 /* NSLayoutConstraint+MASDebugAdditions.h */,
				F4C41B491FB210130049ADB3 /* NSLayoutConstraint+MASDebugAdditions.m */,
				F4C41B4A1FB210130049ADB3 /* View+MASAdditions.h */,
				F4C41B4B1FB210130049ADB3 /* View+MASAdditions.m */,
				F4C41B4C1FB210130049ADB3 /* View+MASShorthandAdditions.h */,
				F4C41B4D1FB210130049ADB3 /* ViewController+MASAdditions.h */,
				F4C41B4E1FB210130049ADB3 /* ViewController+MASAdditions.m */,
			);
			path = Masonry;
			sourceTree = "<group>";
		};
		F4C41B5B1FB210F50049ADB3 /* images */ = {
			isa = PBXGroup;
			children = (
				F4C41B5C1FB210F50049ADB3 /* btn_video_flip_camera@2x.png */,
			);
			path = images;
			sourceTree = "<group>";
		};
/* End PBXGroup section */

/* Begin PBXNativeTarget section */
		F4C41B081FB1F2A90049ADB3 /* MyDemo */ = {
			isa = PBXNativeTarget;
			buildConfigurationList = F4C41B1F1FB1F2A90049ADB3 /* Build configuration list for PBXNativeTarget "MyDemo" */;
			buildPhases = (
				F4C41B051FB1F2A90049ADB3 /* Sources */,
				F4C41B061FB1F2A90049ADB3 /* Frameworks */,
				F4C41B071FB1F2A90049ADB3 /* Resources */,
			);
			buildRules = (
			);
			dependencies = (
			);
			name = MyDemo;
			productName = MyDemo;
			productReference = F4C41B091FB1F2A90049ADB3 /* MyDemo.app */;
			productType = "com.apple.product-type.application";
		};
/* End PBXNativeTarget section */

/* Begin PBXProject section */
		F4C41B011FB1F2A90049ADB3 /* Project object */ = {
			isa = PBXProject;
			attributes = {
				LastUpgradeCheck = 0910;
				ORGANIZATIONNAME = "石伟东";
				TargetAttributes = {
					F4C41B081FB1F2A90049ADB3 = {
						CreatedOnToolsVersion = 9.1;
						ProvisioningStyle = Automatic;
					};
				};
			};
			buildConfigurationList = F4C41B041FB1F2A90049ADB3 /* Build configuration list for PBXProject "MyDemo" */;
			compatibilityVersion = "Xcode 8.0";
			developmentRegion = en;
			hasScannedForEncodings = 0;
			knownRegions = (
				en,
				Base,
			);
			mainGroup = F4C41B001FB1F2A90049ADB3;
			productRefGroup = F4C41B0A1FB1F2A90049ADB3 /* Products */;
			projectDirPath = "";
			projectRoot = "";
			targets = (
				F4C41B081FB1F2A90049ADB3 /* MyDemo */,
			);
		};
/* End PBXProject section */

/* Begin PBXResourcesBuildPhase section */
		F4C41B071FB1F2A90049ADB3 /* Resources */ = {
			isa = PBXResourcesBuildPhase;
			buildActionMask = 2147483647;
			files = (
				F4C41B191FB1F2A90049ADB3 /* LaunchScreen.storyboard in Resources */,
				F4C41B5D1FB210F50049ADB3 /* btn_video_flip_camera@2x.png in Resources */,
				F4C41B161FB1F2A90049ADB3 /* Assets.xcassets in Resources */,
				F4C41B141FB1F2A90049ADB3 /* Main.storyboard in Resources */,
			);
			runOnlyForDeploymentPostprocessing = 0;
		};
/* End PBXResourcesBuildPhase section */

/* Begin PBXSourcesBuildPhase section */
		F4C41B051FB1F2A90049ADB3 /* Sources */ = {
			isa = PBXSourcesBuildPhase;
			buildActionMask = 2147483647;
			files = (
				F4C41B561FB210130049ADB3 /* MASViewConstraint.m in Sources */,
				F4C41B2E1FB1FF540049ADB3 /* CPUtility.m in Sources */,
				F4C41B551FB210130049ADB3 /* MASViewAttribute.m in Sources */,
				F4C41B111FB1F2A90049ADB3 /* ViewController.m in Sources */,
				F4C41B281FB1F4AE0049ADB3 /* CPProgressview.m in Sources */,
				F4C41B1C1FB1F2A90049ADB3 /* main.m in Sources */,
				F4C41B511FB210130049ADB3 /* MASCompositeConstraint.m in Sources */,
				F4C41B531FB210130049ADB3 /* MASConstraintMaker.m in Sources */,
				F4C41B591FB210130049ADB3 /* View+MASAdditions.m in Sources */,
				F4C41B541FB210130049ADB3 /* MASLayoutConstraint.m in Sources */,
				F4C41B5A1FB210140049ADB3 /* ViewController+MASAdditions.m in Sources */,
				F4C41B521FB210130049ADB3 /* MASConstraint.m in Sources */,
				F4C41B501FB210130049ADB3 /* DLHDActivityIndicator.m in Sources */,
				F4C41B2B1FB1F5AE0049ADB3 /* CPVideoViewController.m in Sources */,
				F4C41B571FB210130049ADB3 /* NSArray+MASAdditions.m in Sources */,
				F4C41B581FB210130049ADB3 /* NSLayoutConstraint+MASDebugAdditions.m in Sources */,
				F4C41B251FB1F3C30049ADB3 /* CPAVPlayer.m in Sources */,
				F4C41B0E1FB1F2A90049ADB3 /* AppDelegate.m in Sources */,
				F4C41B4F1FB210130049ADB3 /* MBProgressHUD.m in Sources */,
			);
			runOnlyForDeploymentPostprocessing = 0;
		};
/* End PBXSourcesBuildPhase section */

/* Begin PBXVariantGroup section */
		F4C41B121FB1F2A90049ADB3 /* Main.storyboard */ = {
			isa = PBXVariantGroup;
			children = (
				F4C41B131FB1F2A90049ADB3 /* Base */,
			);
			name = Main.storyboard;
			sourceTree = "<group>";
		};
		F4C41B171FB1F2A90049ADB3 /* LaunchScreen.storyboard */ = {
			isa = PBXVariantGroup;
			children = (
				F4C41B181FB1F2A90049ADB3 /* Base */,
			);
			name = LaunchScreen.storyboard;
			sourceTree = "<group>";
		};
/* End PBXVariantGroup section */

/* Begin XCBuildConfiguration section */
		F4C41B1D1FB1F2A90049ADB3 /* Debug */ = {
			isa = XCBuildConfiguration;
			buildSettings = {
				ALWAYS_SEARCH_USER_PATHS = NO;
				CLANG_ANALYZER_NONNULL = YES;
				CLANG_ANALYZER_NUMBER_OBJECT_CONVERSION = YES_AGGRESSIVE;
				CLANG_CXX_LANGUAGE_STANDARD = "gnu++14";
				CLANG_CXX_LIBRARY = "libc++";
				CLANG_ENABLE_MODULES = YES;
				CLANG_ENABLE_OBJC_ARC = YES;
				CLANG_WARN_BLOCK_CAPTURE_AUTORELEASING = YES;
				CLANG_WARN_BOOL_CONVERSION = YES;
				CLANG_WARN_COMMA = YES;
				CLANG_WARN_CONSTANT_CONVERSION = YES;
				CLANG_WARN_DIRECT_OBJC_ISA_USAGE = YES_ERROR;
				CLANG_WARN_DOCUMENTATION_COMMENTS = YES;
				CLANG_WARN_EMPTY_BODY = YES;
				CLANG_WARN_ENUM_CONVERSION = YES;
				CLANG_WARN_INFINITE_RECURSION = YES;
				CLANG_WARN_INT_CONVERSION = YES;
				CLANG_WARN_NON_LITERAL_NULL_CONVERSION = YES;
				CLANG_WARN_OBJC_LITERAL_CONVERSION = YES;
				CLANG_WARN_OBJC_ROOT_CLASS = YES_ERROR;
				CLANG_WARN_RANGE_LOOP_ANALYSIS = YES;
				CLANG_WARN_STRICT_PROTOTYPES = YES;
				CLANG_WARN_SUSPICIOUS_MOVE = YES;
				CLANG_WARN_UNGUARDED_AVAILABILITY = YES_AGGRESSIVE;
				CLANG_WARN_UNREACHABLE_CODE = YES;
				CLANG_WARN__DUPLICATE_METHOD_MATCH = YES;
				CODE_SIGN_IDENTITY = "iPhone Developer";
				COPY_PHASE_STRIP = NO;
				DEBUG_INFORMATION_FORMAT = dwarf;
				ENABLE_STRICT_OBJC_MSGSEND = YES;
				ENABLE_TESTABILITY = YES;
				GCC_C_LANGUAGE_STANDARD = gnu11;
				GCC_DYNAMIC_NO_PIC = NO;
				GCC_NO_COMMON_BLOCKS = YES;
				GCC_OPTIMIZATION_LEVEL = 0;
				GCC_PREPROCESSOR_DEFINITIONS = (
					"DEBUG=1",
					"$(inherited)",
				);
				GCC_WARN_64_TO_32_BIT_CONVERSION = YES;
				GCC_WARN_ABOUT_RETURN_TYPE = YES_ERROR;
				GCC_WARN_UNDECLARED_SELECTOR = YES;
				GCC_WARN_UNINITIALIZED_AUTOS = YES_AGGRESSIVE;
				GCC_WARN_UNUSED_FUNCTION = YES;
				GCC_WARN_UNUSED_VARIABLE = YES;
				IPHONEOS_DEPLOYMENT_TARGET = 11.1;
				MTL_ENABLE_DEBUG_INFO = YES;
				ONLY_ACTIVE_ARCH = YES;
				SDKROOT = iphoneos;
			};
			name = Debug;
		};
		F4C41B1E1FB1F2A90049ADB3 /* Release */ = {
			isa = XCBuildConfiguration;
			buildSettings = {
				ALWAYS_SEARCH_USER_PATHS = NO;
				CLANG_ANALYZER_NONNULL = YES;
				CLANG_ANALYZER_NUMBER_OBJECT_CONVERSION = YES_AGGRESSIVE;
				CLANG_CXX_LANGUAGE_STANDARD = "gnu++14";
				CLANG_CXX_LIBRARY = "libc++";
				CLANG_ENABLE_MODULES = YES;
				CLANG_ENABLE_OBJC_ARC = YES;
				CLANG_WARN_BLOCK_CAPTURE_AUTORELEASING = YES;
				CLANG_WARN_BOOL_CONVERSION = YES;
				CLANG_WARN_COMMA = YES;
				CLANG_WARN_CONSTANT_CONVERSION = YES;
				CLANG_WARN_DIRECT_OBJC_ISA_USAGE = YES_ERROR;
				CLANG_WARN_DOCUMENTATION_COMMENTS = YES;
				CLANG_WARN_EMPTY_BODY = YES;
				CLANG_WARN_ENUM_CONVERSION = YES;
				CLANG_WARN_INFINITE_RECURSION = YES;
				CLANG_WARN_INT_CONVERSION = YES;
				CLANG_WARN_NON_LITERAL_NULL_CONVERSION = YES;
				CLANG_WARN_OBJC_LITERAL_CONVERSION = YES;
				CLANG_WARN_OBJC_ROOT_CLASS = YES_ERROR;
				CLANG_WARN_RANGE_LOOP_ANALYSIS = YES;
				CLANG_WARN_STRICT_PROTOTYPES = YES;
				CLANG_WARN_SUSPICIOUS_MOVE = YES;
				CLANG_WARN_UNGUARDED_AVAILABILITY = YES_AGGRESSIVE;
				CLANG_WARN_UNREACHABLE_CODE = YES;
				CLANG_WARN__DUPLICATE_METHOD_MATCH = YES;
				CODE_SIGN_IDENTITY = "iPhone Developer";
				COPY_PHASE_STRIP = NO;
				DEBUG_INFORMATION_FORMAT = "dwarf-with-dsym";
				ENABLE_NS_ASSERTIONS = NO;
				ENABLE_STRICT_OBJC_MSGSEND = YES;
				GCC_C_LANGUAGE_STANDARD = gnu11;
				GCC_NO_COMMON_BLOCKS = YES;
				GCC_WARN_64_TO_32_BIT_CONVERSION = YES;
				GCC_WARN_ABOUT_RETURN_TYPE = YES_ERROR;
				GCC_WARN_UNDECLARED_SELECTOR = YES;
				GCC_WARN_UNINITIALIZED_AUTOS = YES_AGGRESSIVE;
				GCC_WARN_UNUSED_FUNCTION = YES;
				GCC_WARN_UNUSED_VARIABLE = YES;
				IPHONEOS_DEPLOYMENT_TARGET = 11.1;
				MTL_ENABLE_DEBUG_INFO = NO;
				SDKROOT = iphoneos;
				VALIDATE_PRODUCT = YES;
			};
			name = Release;
		};
		F4C41B201FB1F2A90049ADB3 /* Debug */ = {
			isa = XCBuildConfiguration;
			buildSettings = {
				ASSETCATALOG_COMPILER_APPICON_NAME = AppIcon;
				CODE_SIGN_STYLE = Automatic;
				DEVELOPMENT_TEAM = 28T9882FE2;
				INFOPLIST_FILE = MyDemo/Info.plist;
				IPHONEOS_DEPLOYMENT_TARGET = 8.0;
				LD_RUNPATH_SEARCH_PATHS = "$(inherited) @executable_path/Frameworks";
				PRODUCT_BUNDLE_IDENTIFIER = com.soson.MyDemo;
				PRODUCT_NAME = "$(TARGET_NAME)";
				TARGETED_DEVICE_FAMILY = "1,2";
			};
			name = Debug;
		};
		F4C41B211FB1F2A90049ADB3 /* Release */ = {
			isa = XCBuildConfiguration;
			buildSettings = {
				ASSETCATALOG_COMPILER_APPICON_NAME = AppIcon;
				CODE_SIGN_STYLE = Automatic;
				DEVELOPMENT_TEAM = 28T9882FE2;
				INFOPLIST_FILE = MyDemo/Info.plist;
				IPHONEOS_DEPLOYMENT_TARGET = 8.0;
				LD_RUNPATH_SEARCH_PATHS = "$(inherited) @executable_path/Frameworks";
				PRODUCT_BUNDLE_IDENTIFIER = com.soson.MyDemo;
				PRODUCT_NAME = "$(TARGET_NAME)";
				TARGETED_DEVICE_FAMILY = "1,2";
			};
			name = Release;
		};
/* End XCBuildConfiguration section */

/* Begin XCConfigurationList section */
		F4C41B041FB1F2A90049ADB3 /* Build configuration list for PBXProject "MyDemo" */ = {
			isa = XCConfigurationList;
			buildConfigurations = (
				F4C41B1D1FB1F2A90049ADB3 /* Debug */,
				F4C41B1E1FB1F2A90049ADB3 /* Release */,
			);
			defaultConfigurationIsVisible = 0;
			defaultConfigurationName = Release;
		};
		F4C41B1F1FB1F2A90049ADB3 /* Build configuration list for PBXNativeTarget "MyDemo" */ = {
			isa = XCConfigurationList;
			buildConfigurations = (
				F4C41B201FB1F2A90049ADB3 /* Debug */,
				F4C41B211FB1F2A90049ADB3 /* Release */,
			);
			defaultConfigurationIsVisible = 0;
			defaultConfigurationName = Release;
		};
/* End XCConfigurationList section */
	};
	rootObject = F4C41B011FB1F2A90049ADB3 /* Project object */;
}
